
Microsoft Visual Studio Solution File, Format Version 12.00
# Visual Studio 15
VisualStudioVersion = 15.0.28307.1259
MinimumVisualStudioVersion = 10.0.40219.1
Project("{8BC9CEB8-8B4A-11D0-8D11-00A0C91BC942}") = "HW", "HW\HW.vcxproj", "{C91EB889-A586-42F1-B0D0-768F1C164696}"
EndProject
Global
	GlobalSection(SolutionConfigurationPlatforms) = preSolution
		Debug|x64 = Debug|x64
		Debug|x86 = Debug|x86
		Release|x64 = Release|x64
		Release|x86 = Release|x86
	EndGlobalSection
	GlobalSection(ProjectConfigurationPlatforms) = postSolution
		{C91EB889-A586-42F1-B0D0-768F1C164696}.Debug|x64.ActiveCfg = Debug|x64
		{C91EB889-A586-42F1-B0D0-768F1C164696}.Debug|x64.Build.0 = Debug|x64
		{C91EB889-A586-42F1-B0D0-768F1C164696}.Debug|x86.ActiveCfg = Debug|Win32
		{C91EB889-A586-42F1-B0D0-768F1C164696}.Debug|x86.Build.0 = Debug|Win32
		{C91EB889-A586-42F1-B0D0-768F1C164696}.Release|x64.ActiveCfg = Release|x64
		{C91EB889-A586-42F1-B0D0-768F1C164696}.Release|x64.Build.0 = Release|x64
		{C91EB889-A586-42F1-B0D0-768F1C164696}.Release|x86.ActiveCfg = Release|Win32
		{C91EB889-A586-42F1-B0D0-768F1C164696}.Release|x86.Build.0 = Release|Win32
	EndGlobalSection
	GlobalSection(SolutionProperties) = preSolution
		HideSolutionNode = FALSE
	EndGlobalSection
	GlobalSection(ExtensibilityGlobals) = postSolution
		SolutionGuid = {FFF998F1-7B14-4740-83A8-0E3C4FE22CC3}
	EndGlobalSection
EndGlobal
